
Microsoft Visual Studio Solution File, Format Version 12.00
# Visual Studio Version 17
VisualStudioVersion = 17.7.34024.191
MinimumVisualStudioVersion = 10.0.40219.1
Project("{9A19103F-16F7-4668-BE54-9A1E7A4F7556}") = "OrderAPI", "OrderAPI\OrderAPI.csproj", "{CFD3DA81-9254-4C28-B336-5F0AA96036E1}"
EndProject
Project("{9A19103F-16F7-4668-BE54-9A1E7A4F7556}") = "Shared", "Shared\Shared.csproj", "{418DA359-C37B-43ED-9E2C-F13BABE5B867}"
EndProject
Project("{9A19103F-16F7-4668-BE54-9A1E7A4F7556}") = "StockAPI", "StockAPI\StockAPI.csproj", "{F7A827CE-0668-48DD-9063-B3057239143F}"
EndProject
Project("{FAE04EC0-301F-11D3-BF4B-00C04F79EFBC}") = "PaymentAPI", "PaymentAPI\PaymentAPI.csproj", "{707AA75C-9539-431B-86EE-727D9A67915D}"
	ProjectSection(ProjectDependencies) = postProject
		{418DA359-C37B-43ED-9E2C-F13BABE5B867} = {418DA359-C37B-43ED-9E2C-F13BABE5B867}
	EndProjectSection
EndProject
Global
	GlobalSection(SolutionConfigurationPlatforms) = preSolution
		Debug|Any CPU = Debug|Any CPU
		Release|Any CPU = Release|Any CPU
	EndGlobalSection
	GlobalSection(ProjectConfigurationPlatforms) = postSolution
		{CFD3DA81-9254-4C28-B336-5F0AA96036E1}.Debug|Any CPU.ActiveCfg = Debug|Any CPU
		{CFD3DA81-9254-4C28-B336-5F0AA96036E1}.Debug|Any CPU.Build.0 = Debug|Any CPU
		{CFD3DA81-9254-4C28-B336-5F0AA96036E1}.Release|Any CPU.ActiveCfg = Release|Any CPU
		{CFD3DA81-9254-4C28-B336-5F0AA96036E1}.Release|Any CPU.Build.0 = Release|Any CPU
		{418DA359-C37B-43ED-9E2C-F13BABE5B867}.Debug|Any CPU.ActiveCfg = Debug|Any CPU
		{418DA359-C37B-43ED-9E2C-F13BABE5B867}.Debug|Any CPU.Build.0 = Debug|Any CPU
		{418DA359-C37B-43ED-9E2C-F13BABE5B867}.Release|Any CPU.ActiveCfg = Release|Any CPU
		{418DA359-C37B-43ED-9E2C-F13BABE5B867}.Release|Any CPU.Build.0 = Release|Any CPU
		{F7A827CE-0668-48DD-9063-B3057239143F}.Debug|Any CPU.ActiveCfg = Debug|Any CPU
		{F7A827CE-0668-48DD-9063-B3057239143F}.Debug|Any CPU.Build.0 = Debug|Any CPU
		{F7A827CE-0668-48DD-9063-B3057239143F}.Release|Any CPU.ActiveCfg = Release|Any CPU
		{F7A827CE-0668-48DD-9063-B3057239143F}.Release|Any CPU.Build.0 = Release|Any CPU
		{707AA75C-9539-431B-86EE-727D9A67915D}.Debug|Any CPU.ActiveCfg = Debug|Any CPU
		{707AA75C-9539-431B-86EE-727D9A67915D}.Debug|Any CPU.Build.0 = Debug|Any CPU
		{707AA75C-9539-431B-86EE-727D9A67915D}.Release|Any CPU.ActiveCfg = Release|Any CPU
		{707AA75C-9539-431B-86EE-727D9A67915D}.Release|Any CPU.Build.0 = Release|Any CPU
	EndGlobalSection
	GlobalSection(SolutionProperties) = preSolution
		HideSolutionNode = FALSE
	EndGlobalSection
	GlobalSection(ExtensibilityGlobals) = postSolution
		SolutionGuid = {80C74D53-B92D-4AA8-9DC4-5E12F1EA6485}
	EndGlobalSection
EndGlobal
